
Microsoft Visual Studio Solution File, Format Version 12.00
# Visual Studio Version 16
VisualStudioVersion = 16.0.30320.27
MinimumVisualStudioVersion = 10.0.40219.1
Project("{9A19103F-16F7-4668-BE54-9A1E7A4F7556}") = "EFWebApiTest", "EFWebApiTest\EFWebApiTest.csproj", "{7FB1DE0D-972D-4C97-B44E-B108C920D6B4}"
	ProjectSection(ProjectDependencies) = postProject
		{CFF0E519-001D-4BC0-B583-FE809844C40E} = {CFF0E519-001D-4BC0-B583-FE809844C40E}
	EndProjectSection
EndProject
Project("{FAE04EC0-301F-11D3-BF4B-00C04F79EFBC}") = "DAL", "DAL\DAL.csproj", "{CFF0E519-001D-4BC0-B583-FE809844C40E}"
EndProject
Project("{FAE04EC0-301F-11D3-BF4B-00C04F79EFBC}") = "Core", "Core\Core.csproj", "{4123D2A0-1B93-4A54-B0FB-90CB14E33774}"
EndProject
Project("{FAE04EC0-301F-11D3-BF4B-00C04F79EFBC}") = "BusinessApplication", "BusinessApplication\BusinessApplication.csproj", "{F2B7BF6D-E446-40E5-B456-15BC253C0212}"
EndProject
Global
	GlobalSection(SolutionConfigurationPlatforms) = preSolution
		Debug|Any CPU = Debug|Any CPU
		Release|Any CPU = Release|Any CPU
	EndGlobalSection
	GlobalSection(ProjectConfigurationPlatforms) = postSolution
		{7FB1DE0D-972D-4C97-B44E-B108C920D6B4}.Debug|Any CPU.ActiveCfg = Debug|Any CPU
		{7FB1DE0D-972D-4C97-B44E-B108C920D6B4}.Debug|Any CPU.Build.0 = Debug|Any CPU
		{7FB1DE0D-972D-4C97-B44E-B108C920D6B4}.Release|Any CPU.ActiveCfg = Release|Any CPU
		{7FB1DE0D-972D-4C97-B44E-B108C920D6B4}.Release|Any CPU.Build.0 = Release|Any CPU
		{CFF0E519-001D-4BC0-B583-FE809844C40E}.Debug|Any CPU.ActiveCfg = Debug|Any CPU
		{CFF0E519-001D-4BC0-B583-FE809844C40E}.Debug|Any CPU.Build.0 = Debug|Any CPU
		{CFF0E519-001D-4BC0-B583-FE809844C40E}.Release|Any CPU.ActiveCfg = Release|Any CPU
		{CFF0E519-001D-4BC0-B583-FE809844C40E}.Release|Any CPU.Build.0 = Release|Any CPU
		{4123D2A0-1B93-4A54-B0FB-90CB14E33774}.Debug|Any CPU.ActiveCfg = Debug|Any CPU
		{4123D2A0-1B93-4A54-B0FB-90CB14E33774}.Debug|Any CPU.Build.0 = Debug|Any CPU
		{4123D2A0-1B93-4A54-B0FB-90CB14E33774}.Release|Any CPU.ActiveCfg = Release|Any CPU
		{4123D2A0-1B93-4A54-B0FB-90CB14E33774}.Release|Any CPU.Build.0 = Release|Any CPU
		{F2B7BF6D-E446-40E5-B456-15BC253C0212}.Debug|Any CPU.ActiveCfg = Debug|Any CPU
		{F2B7BF6D-E446-40E5-B456-15BC253C0212}.Debug|Any CPU.Build.0 = Debug|Any CPU
		{F2B7BF6D-E446-40E5-B456-15BC253C0212}.Release|Any CPU.ActiveCfg = Release|Any CPU
		{F2B7BF6D-E446-40E5-B456-15BC253C0212}.Release|Any CPU.Build.0 = Release|Any CPU
	EndGlobalSection
	GlobalSection(SolutionProperties) = preSolution
		HideSolutionNode = FALSE
	EndGlobalSection
	GlobalSection(ExtensibilityGlobals) = postSolution
		SolutionGuid = {35E09FE6-3433-48E8-8408-A8EB030AC216}
	EndGlobalSection
EndGlobal
